<Solution>
  <Folder Name="/samples/">
    <Project Path="samples/BasicQRCode/BasicQRCode.csproj" />
  </Folder>
  <Folder Name="/src/">
    <Project Path="src/ElBruno.QRCodeGenerator.CLI/ElBruno.QRCodeGenerator.CLI.csproj" />
  </Folder>
  <Folder Name="/tests/">
    <Project Path="tests/ElBruno.QRCodeGenerator.CLI.Tests/ElBruno.QRCodeGenerator.CLI.Tests.csproj" />
  </Folder>
</Solution>
