<Solution>
  <Folder Name="/src/">
    <Project Path="src/ElBruno.QRCodeGenerator.CLI/ElBruno.QRCodeGenerator.CLI.csproj" />
    <Folder Name="/src/samples/">
      <Project Path="src/samples/BasicQRCode/BasicQRCode.csproj" />
    </Folder>
    <Folder Name="/src/tests/">
      <Project Path="src/tests/ElBruno.QRCodeGenerator.CLI.Tests/ElBruno.QRCodeGenerator.CLI.Tests.csproj" />
    </Folder>
  </Folder>
</Solution>
